
Microsoft Visual Studio Solution File, Format Version 12.00
# Visual Studio Version 17
VisualStudioVersion = 17.5.33414.496
MinimumVisualStudioVersion = 10.0.40219.1
Project("{FAE04EC0-301F-11D3-BF4B-00C04F79EFBC}") = "Project Portal", "Project Portal.csproj", "{1AD9853C-6C98-40A3-9B98-8375E70336E4}"
EndProject
Global
	GlobalSection(SolutionConfigurationPlatforms) = preSolution
		Debug|Any CPU = Debug|Any CPU
		Release|Any CPU = Release|Any CPU
	EndGlobalSection
	GlobalSection(ProjectConfigurationPlatforms) = postSolution
		{1AD9853C-6C98-40A3-9B98-8375E70336E4}.Debug|Any CPU.ActiveCfg = Debug|Any CPU
		{1AD9853C-6C98-40A3-9B98-8375E70336E4}.Debug|Any CPU.Build.0 = Debug|Any CPU
		{1AD9853C-6C98-40A3-9B98-8375E70336E4}.Release|Any CPU.ActiveCfg = Release|Any CPU
		{1AD9853C-6C98-40A3-9B98-8375E70336E4}.Release|Any CPU.Build.0 = Release|Any CPU
	EndGlobalSection
	GlobalSection(SolutionProperties) = preSolution
		HideSolutionNode = FALSE
	EndGlobalSection
	GlobalSection(ExtensibilityGlobals) = postSolution
		SolutionGuid = {82A00F47-8B1B-4CF1-90DE-EE9F85CA7C69}
	EndGlobalSection
EndGlobal
